// !$*UTF8*$!
{
	archiveVersion = 1;
	classes = {
	};
	objectVersion = 50;
	objects = {

/* Begin PBXBuildFile section */
		1B57663F255D93BF000F7590 /* AppDelegate.swift in Sources */ = {isa = PBXBuildFile; fileRef = 1B57663E255D93BF000F7590 /* AppDelegate.swift */; };
		1B576641255D93BF000F7590 /* SceneDelegate.swift in Sources */ = {isa = PBXBuildFile; fileRef = 1B576640255D93BF000F7590 /* SceneDelegate.swift */; };
		1B576643255D93BF000F7590 /* ContentView.swift in Sources */ = {isa = PBXBuildFile; fileRef = 1B576642255D93BF000F7590 /* ContentView.swift */; };
		1B576645255D93C1000F7590 /* Assets.xcassets in Resources */ = {isa = PBXBuildFile; fileRef = 1B576644255D93C1000F7590 /* Assets.xcassets */; };
		1B576648255D93C1000F7590 /* Preview Assets.xcassets in Resources */ = {isa = PBXBuildFile; fileRef = 1B576647255D93C1000F7590 /* Preview Assets.xcassets */; };
		1B57664B255D93C1000F7590 /* LaunchScreen.storyboard in Resources */ = {isa = PBXBuildFile; fileRef = 1B576649255D93C1000F7590 /* LaunchScreen.storyboard */; };
		1B576656255D93C1000F7590 /* BiometricTests.swift in Sources */ = {isa = PBXBuildFile; fileRef = 1B576655255D93C1000F7590 /* BiometricTests.swift */; };
		1B67593225AD9CEC0082BB1E /* BiometricAuthenticationError.swift in Sources */ = {isa = PBXBuildFile; fileRef = 1B67593125AD9CEC0082BB1E /* BiometricAuthenticationError.swift */; };
		1B67594E25ADD1A60082BB1E /* NotificationCenterInterface.swift in Sources */ = {isa = PBXBuildFile; fileRef = 1B67594D25ADD1A60082BB1E /* NotificationCenterInterface.swift */; };
		1B67595625ADD5F10082BB1E /* UserDefaultsInterface.swift in Sources */ = {isa = PBXBuildFile; fileRef = 1B67595525ADD5F10082BB1E /* UserDefaultsInterface.swift */; };
		1B9416D7255E949E007D05B5 /* LoggedInView.swift in Sources */ = {isa = PBXBuildFile; fileRef = 1B9416D6255E949E007D05B5 /* LoggedInView.swift */; };
		1B9416DC255EA9C0007D05B5 /* BiometricsManager.swift in Sources */ = {isa = PBXBuildFile; fileRef = 1B9416DB255EA9C0007D05B5 /* BiometricsManager.swift */; };
		1B9416E2255EAA2D007D05B5 /* LAContextInterface.swift in Sources */ = {isa = PBXBuildFile; fileRef = 1B9416E1255EAA2D007D05B5 /* LAContextInterface.swift */; };
		1B975D4F25A74D5A00521AD0 /* BiometricsViewModel.swift in Sources */ = {isa = PBXBuildFile; fileRef = 1B975D4E25A74D5A00521AD0 /* BiometricsViewModel.swift */; };
		1B975D5325A75A0100521AD0 /* BiometricsState.swift in Sources */ = {isa = PBXBuildFile; fileRef = 1B975D5225A75A0100521AD0 /* BiometricsState.swift */; };
/* End PBXBuildFile section */

/* Begin PBXContainerItemProxy section */
		1B576652255D93C1000F7590 /* PBXContainerItemProxy */ = {
			isa = PBXContainerItemProxy;
			containerPortal = 1B576633255D93BF000F7590 /* Project object */;
			proxyType = 1;
			remoteGlobalIDString = 1B57663A255D93BF000F7590;
			remoteInfo = BioMetricDemo;
		};
/* End PBXContainerItemProxy section */

/* Begin PBXFileReference section */
		1B57663B255D93BF000F7590 /* BiometricDemo.app */ = {isa = PBXFileReference; explicitFileType = wrapper.application; includeInIndex = 0; path = BiometricDemo.app; sourceTree = BUILT_PRODUCTS_DIR; };
		1B57663E255D93BF000F7590 /* AppDelegate.swift */ = {isa = PBXFileReference; lastKnownFileType = sourcecode.swift; path = AppDelegate.swift; sourceTree = "<group>"; };
		1B576640255D93BF000F7590 /* SceneDelegate.swift */ = {isa = PBXFileReference; lastKnownFileType = sourcecode.swift; path = SceneDelegate.swift; sourceTree = "<group>"; };
		1B576642255D93BF000F7590 /* ContentView.swift */ = {isa = PBXFileReference; lastKnownFileType = sourcecode.swift; path = ContentView.swift; sourceTree = "<group>"; };
		1B576644255D93C1000F7590 /* Assets.xcassets */ = {isa = PBXFileReference; lastKnownFileType = folder.assetcatalog; path = Assets.xcassets; sourceTree = "<group>"; };
		1B576647255D93C1000F7590 /* Preview Assets.xcassets */ = {isa = PBXFileReference; lastKnownFileType = folder.assetcatalog; path = "Preview Assets.xcassets"; sourceTree = "<group>"; };
		1B57664A255D93C1000F7590 /* Base */ = {isa = PBXFileReference; lastKnownFileType = file.storyboard; name = Base; path = Base.lproj/LaunchScreen.storyboard; sourceTree = "<group>"; };
		1B57664C255D93C1000F7590 /* Info.plist */ = {isa = PBXFileReference; lastKnownFileType = text.plist.xml; path = Info.plist; sourceTree = "<group>"; };
		1B576651255D93C1000F7590 /* BiometricDemoTests.xctest */ = {isa = PBXFileReference; explicitFileType = wrapper.cfbundle; includeInIndex = 0; path = BiometricDemoTests.xctest; sourceTree = BUILT_PRODUCTS_DIR; };
		1B576655255D93C1000F7590 /* BiometricTests.swift */ = {isa = PBXFileReference; lastKnownFileType = sourcecode.swift; path = BiometricTests.swift; sourceTree = "<group>"; };
		1B576657255D93C1000F7590 /* Info.plist */ = {isa = PBXFileReference; lastKnownFileType = text.plist.xml; path = Info.plist; sourceTree = "<group>"; };
		1B67593125AD9CEC0082BB1E /* BiometricAuthenticationError.swift */ = {isa = PBXFileReference; lastKnownFileType = sourcecode.swift; path = BiometricAuthenticationError.swift; sourceTree = "<group>"; };
		1B67594D25ADD1A60082BB1E /* NotificationCenterInterface.swift */ = {isa = PBXFileReference; lastKnownFileType = sourcecode.swift; name = NotificationCenterInterface.swift; path = BioMetricDemo/BiometricsManagement/NotificationCenterInterface.swift; sourceTree = SOURCE_ROOT; };
		1B67595525ADD5F10082BB1E /* UserDefaultsInterface.swift */ = {isa = PBXFileReference; lastKnownFileType = sourcecode.swift; path = UserDefaultsInterface.swift; sourceTree = "<group>"; };
		1B9416D6255E949E007D05B5 /* LoggedInView.swift */ = {isa = PBXFileReference; lastKnownFileType = sourcecode.swift; path = LoggedInView.swift; sourceTree = "<group>"; };
		1B9416DB255EA9C0007D05B5 /* BiometricsManager.swift */ = {isa = PBXFileReference; lastKnownFileType = sourcecode.swift; path = BiometricsManager.swift; sourceTree = "<group>"; };
		1B9416E1255EAA2D007D05B5 /* LAContextInterface.swift */ = {isa = PBXFileReference; lastKnownFileType = sourcecode.swift; path = LAContextInterface.swift; sourceTree = "<group>"; };
		1B975D4E25A74D5A00521AD0 /* BiometricsViewModel.swift */ = {isa = PBXFileReference; lastKnownFileType = sourcecode.swift; path = BiometricsViewModel.swift; sourceTree = "<group>"; };
		1B975D5225A75A0100521AD0 /* BiometricsState.swift */ = {isa = PBXFileReference; lastKnownFileType = sourcecode.swift; path = BiometricsState.swift; sourceTree = "<group>"; };
/* End PBXFileReference section */

/* Begin PBXFrameworksBuildPhase section */
		1B576638255D93BF000F7590 /* Frameworks */ = {
			isa = PBXFrameworksBuildPhase;
			buildActionMask = 2147483647;
			files = (
			);
			runOnlyForDeploymentPostprocessing = 0;
		};
		1B57664E255D93C1000F7590 /* Frameworks */ = {
			isa = PBXFrameworksBuildPhase;
			buildActionMask = 2147483647;
			files = (
			);
			runOnlyForDeploymentPostprocessing = 0;
		};
/* End PBXFrameworksBuildPhase section */

/* Begin PBXGroup section */
		1B576632255D93BF000F7590 = {
			isa = PBXGroup;
			children = (
				1B57663D255D93BF000F7590 /* BiometricDemo */,
				1B576654255D93C1000F7590 /* BiometricDemoTests */,
				1B57663C255D93BF000F7590 /* Products */,
			);
			sourceTree = "<group>";
		};
		1B57663C255D93BF000F7590 /* Products */ = {
			isa = PBXGroup;
			children = (
				1B57663B255D93BF000F7590 /* BiometricDemo.app */,
				1B576651255D93C1000F7590 /* BiometricDemoTests.xctest */,
			);
			name = Products;
			sourceTree = "<group>";
		};
		1B57663D255D93BF000F7590 /* BiometricDemo */ = {
			isa = PBXGroup;
			children = (
				1B57663E255D93BF000F7590 /* AppDelegate.swift */,
				1B576640255D93BF000F7590 /* SceneDelegate.swift */,
				1B576642255D93BF000F7590 /* ContentView.swift */,
				1B9416DA255EA997007D05B5 /* BiometricsManagement */,
				1B9416D6255E949E007D05B5 /* LoggedInView.swift */,
				1B576644255D93C1000F7590 /* Assets.xcassets */,
				1B576649255D93C1000F7590 /* LaunchScreen.storyboard */,
				1B57664C255D93C1000F7590 /* Info.plist */,
				1B576646255D93C1000F7590 /* Preview Content */,
			);
			path = BiometricDemo;
			sourceTree = "<group>";
		};
		1B576646255D93C1000F7590 /* Preview Content */ = {
			isa = PBXGroup;
			children = (
				1B576647255D93C1000F7590 /* Preview Assets.xcassets */,
			);
			path = "Preview Content";
			sourceTree = "<group>";
		};
		1B576654255D93C1000F7590 /* BiometricDemoTests */ = {
			isa = PBXGroup;
			children = (
				1B576655255D93C1000F7590 /* BiometricTests.swift */,
				1B576657255D93C1000F7590 /* Info.plist */,
			);
			path = BiometricDemoTests;
			sourceTree = "<group>";
		};
		1B9416DA255EA997007D05B5 /* BiometricsManagement */ = {
			isa = PBXGroup;
			children = (
				1B9416DB255EA9C0007D05B5 /* BiometricsManager.swift */,
				1B975D5225A75A0100521AD0 /* BiometricsState.swift */,
				1B975D4E25A74D5A00521AD0 /* BiometricsViewModel.swift */,
				1B9416E1255EAA2D007D05B5 /* LAContextInterface.swift */,
				1B67594D25ADD1A60082BB1E /* NotificationCenterInterface.swift */,
				1B67595525ADD5F10082BB1E /* UserDefaultsInterface.swift */,
				1B67593125AD9CEC0082BB1E /* BiometricAuthenticationError.swift */,
			);
			path = BiometricsManagement;
			sourceTree = "<group>";
		};
/* End PBXGroup section */

/* Begin PBXNativeTarget section */
		1B57663A255D93BF000F7590 /* BiometricDemo */ = {
			isa = PBXNativeTarget;
			buildConfigurationList = 1B57665A255D93C1000F7590 /* Build configuration list for PBXNativeTarget "BiometricDemo" */;
			buildPhases = (
				1B576637255D93BF000F7590 /* Sources */,
				1B576638255D93BF000F7590 /* Frameworks */,
				1B576639255D93BF000F7590 /* Resources */,
			);
			buildRules = (
			);
			dependencies = (
			);
			name = BiometricDemo;
			packageProductDependencies = (
			);
			productName = BioMetricDemo;
			productReference = 1B57663B255D93BF000F7590 /* BiometricDemo.app */;
			productType = "com.apple.product-type.application";
		};
		1B576650255D93C1000F7590 /* BiometricDemoTests */ = {
			isa = PBXNativeTarget;
			buildConfigurationList = 1B57665D255D93C1000F7590 /* Build configuration list for PBXNativeTarget "BiometricDemoTests" */;
			buildPhases = (
				1B57664D255D93C1000F7590 /* Sources */,
				1B57664E255D93C1000F7590 /* Frameworks */,
				1B57664F255D93C1000F7590 /* Resources */,
			);
			buildRules = (
			);
			dependencies = (
				1B576653255D93C1000F7590 /* PBXTargetDependency */,
			);
			name = BiometricDemoTests;
			productName = BioMetricDemoTests;
			productReference = 1B576651255D93C1000F7590 /* BiometricDemoTests.xctest */;
			productType = "com.apple.product-type.bundle.unit-test";
		};
/* End PBXNativeTarget section */

/* Begin PBXProject section */
		1B576633255D93BF000F7590 /* Project object */ = {
			isa = PBXProject;
			attributes = {
				LastSwiftUpdateCheck = 1150;
				LastUpgradeCheck = 1150;
				ORGANIZATIONNAME = "Cell Point Digital";
				TargetAttributes = {
					1B57663A255D93BF000F7590 = {
						CreatedOnToolsVersion = 11.5;
					};
					1B576650255D93C1000F7590 = {
						CreatedOnToolsVersion = 11.5;
						TestTargetID = 1B57663A255D93BF000F7590;
					};
				};
			};
			buildConfigurationList = 1B576636255D93BF000F7590 /* Build configuration list for PBXProject "BiometricDemo" */;
			compatibilityVersion = "Xcode 9.3";
			developmentRegion = en;
			hasScannedForEncodings = 0;
			knownRegions = (
				en,
				Base,
			);
			mainGroup = 1B576632255D93BF000F7590;
			packageReferences = (
			);
			productRefGroup = 1B57663C255D93BF000F7590 /* Products */;
			projectDirPath = "";
			projectRoot = "";
			targets = (
				1B57663A255D93BF000F7590 /* BiometricDemo */,
				1B576650255D93C1000F7590 /* BiometricDemoTests */,
			);
		};
/* End PBXProject section */

/* Begin PBXResourcesBuildPhase section */
		1B576639255D93BF000F7590 /* Resources */ = {
			isa = PBXResourcesBuildPhase;
			buildActionMask = 2147483647;
			files = (
				1B57664B255D93C1000F7590 /* LaunchScreen.storyboard in Resources */,
				1B576648255D93C1000F7590 /* Preview Assets.xcassets in Resources */,
				1B576645255D93C1000F7590 /* Assets.xcassets in Resources */,
			);
			runOnlyForDeploymentPostprocessing = 0;
		};
		1B57664F255D93C1000F7590 /* Resources */ = {
			isa = PBXResourcesBuildPhase;
			buildActionMask = 2147483647;
			files = (
			);
			runOnlyForDeploymentPostprocessing = 0;
		};
/* End PBXResourcesBuildPhase section */

/* Begin PBXSourcesBuildPhase section */
		1B576637255D93BF000F7590 /* Sources */ = {
			isa = PBXSourcesBuildPhase;
			buildActionMask = 2147483647;
			files = (
				1B9416E2255EAA2D007D05B5 /* LAContextInterface.swift in Sources */,
				1B57663F255D93BF000F7590 /* AppDelegate.swift in Sources */,
				1B975D5325A75A0100521AD0 /* BiometricsState.swift in Sources */,
				1B67593225AD9CEC0082BB1E /* BiometricAuthenticationError.swift in Sources */,
				1B9416D7255E949E007D05B5 /* LoggedInView.swift in Sources */,
				1B576641255D93BF000F7590 /* SceneDelegate.swift in Sources */,
				1B67595625ADD5F10082BB1E /* UserDefaultsInterface.swift in Sources */,
				1B975D4F25A74D5A00521AD0 /* BiometricsViewModel.swift in Sources */,
				1B576643255D93BF000F7590 /* ContentView.swift in Sources */,
				1B67594E25ADD1A60082BB1E /* NotificationCenterInterface.swift in Sources */,
				1B9416DC255EA9C0007D05B5 /* BiometricsManager.swift in Sources */,
			);
			runOnlyForDeploymentPostprocessing = 0;
		};
		1B57664D255D93C1000F7590 /* Sources */ = {
			isa = PBXSourcesBuildPhase;
			buildActionMask = 2147483647;
			files = (
				1B576656255D93C1000F7590 /* BiometricTests.swift in Sources */,
			);
			runOnlyForDeploymentPostprocessing = 0;
		};
/* End PBXSourcesBuildPhase section */

/* Begin PBXTargetDependency section */
		1B576653255D93C1000F7590 /* PBXTargetDependency */ = {
			isa = PBXTargetDependency;
			target = 1B57663A255D93BF000F7590 /* BiometricDemo */;
			targetProxy = 1B576652255D93C1000F7590 /* PBXContainerItemProxy */;
		};
/* End PBXTargetDependency section */

/* Begin PBXVariantGroup section */
		1B576649255D93C1000F7590 /* LaunchScreen.storyboard */ = {
			isa = PBXVariantGroup;
			children = (
				1B57664A255D93C1000F7590 /* Base */,
			);
			name = LaunchScreen.storyboard;
			sourceTree = "<group>";
		};
/* End PBXVariantGroup section */

/* Begin XCBuildConfiguration section */
		1B576658255D93C1000F7590 /* Debug */ = {
			isa = XCBuildConfiguration;
			buildSettings = {
				ALWAYS_SEARCH_USER_PATHS = NO;
				CLANG_ANALYZER_NONNULL = YES;
				CLANG_ANALYZER_NUMBER_OBJECT_CONVERSION = YES_AGGRESSIVE;
				CLANG_CXX_LANGUAGE_STANDARD = "gnu++14";
				CLANG_CXX_LIBRARY = "libc++";
				CLANG_ENABLE_MODULES = YES;
				CLANG_ENABLE_OBJC_ARC = YES;
				CLANG_ENABLE_OBJC_WEAK = YES;
				CLANG_WARN_BLOCK_CAPTURE_AUTORELEASING = YES;
				CLANG_WARN_BOOL_CONVERSION = YES;
				CLANG_WARN_COMMA = YES;
				CLANG_WARN_CONSTANT_CONVERSION = YES;
				CLANG_WARN_DEPRECATED_OBJC_IMPLEMENTATIONS = YES;
				CLANG_WARN_DIRECT_OBJC_ISA_USAGE = YES_ERROR;
				CLANG_WARN_DOCUMENTATION_COMMENTS = YES;
				CLANG_WARN_EMPTY_BODY = YES;
				CLANG_WARN_ENUM_CONVERSION = YES;
				CLANG_WARN_INFINITE_RECURSION = YES;
				CLANG_WARN_INT_CONVERSION = YES;
				CLANG_WARN_NON_LITERAL_NULL_CONVERSION = YES;
				CLANG_WARN_OBJC_IMPLICIT_RETAIN_SELF = YES;
				CLANG_WARN_OBJC_LITERAL_CONVERSION = YES;
				CLANG_WARN_OBJC_ROOT_CLASS = YES_ERROR;
				CLANG_WARN_RANGE_LOOP_ANALYSIS = YES;
				CLANG_WARN_STRICT_PROTOTYPES = YES;
				CLANG_WARN_SUSPICIOUS_MOVE = YES;
				CLANG_WARN_UNGUARDED_AVAILABILITY = YES_AGGRESSIVE;
				CLANG_WARN_UNREACHABLE_CODE = YES;
				CLANG_WARN__DUPLICATE_METHOD_MATCH = YES;
				COPY_PHASE_STRIP = NO;
				DEBUG_INFORMATION_FORMAT = dwarf;
				ENABLE_STRICT_OBJC_MSGSEND = YES;
				ENABLE_TESTABILITY = YES;
				GCC_C_LANGUAGE_STANDARD = gnu11;
				GCC_DYNAMIC_NO_PIC = NO;
				GCC_NO_COMMON_BLOCKS = YES;
				GCC_OPTIMIZATION_LEVEL = 0;
				GCC_PREPROCESSOR_DEFINITIONS = (
					"DEBUG=1",
					"$(inherited)",
				);
				GCC_WARN_64_TO_32_BIT_CONVERSION = YES;
				GCC_WARN_ABOUT_RETURN_TYPE = YES_ERROR;
				GCC_WARN_UNDECLARED_SELECTOR = YES;
				GCC_WARN_UNINITIALIZED_AUTOS = YES_AGGRESSIVE;
				GCC_WARN_UNUSED_FUNCTION = YES;
				GCC_WARN_UNUSED_VARIABLE = YES;
				IPHONEOS_DEPLOYMENT_TARGET = 13.5;
				MTL_ENABLE_DEBUG_INFO = INCLUDE_SOURCE;
				MTL_FAST_MATH = YES;
				ONLY_ACTIVE_ARCH = YES;
				SDKROOT = iphoneos;
				SWIFT_ACTIVE_COMPILATION_CONDITIONS = DEBUG;
				SWIFT_OPTIMIZATION_LEVEL = "-Onone";
			};
			name = Debug;
		};
		1B576659255D93C1000F7590 /* Release */ = {
			isa = XCBuildConfiguration;
			buildSettings = {
				ALWAYS_SEARCH_USER_PATHS = NO;
				CLANG_ANALYZER_NONNULL = YES;
				CLANG_ANALYZER_NUMBER_OBJECT_CONVERSION = YES_AGGRESSIVE;
				CLANG_CXX_LANGUAGE_STANDARD = "gnu++14";
				CLANG_CXX_LIBRARY = "libc++";
				CLANG_ENABLE_MODULES = YES;
				CLANG_ENABLE_OBJC_ARC = YES;
				CLANG_ENABLE_OBJC_WEAK = YES;
				CLANG_WARN_BLOCK_CAPTURE_AUTORELEASING = YES;
				CLANG_WARN_BOOL_CONVERSION = YES;
				CLANG_WARN_COMMA = YES;
				CLANG_WARN_CONSTANT_CONVERSION = YES;
				CLANG_WARN_DEPRECATED_OBJC_IMPLEMENTATIONS = YES;
				CLANG_WARN_DIRECT_OBJC_ISA_USAGE = YES_ERROR;
				CLANG_WARN_DOCUMENTATION_COMMENTS = YES;
				CLANG_WARN_EMPTY_BODY = YES;
				CLANG_WARN_ENUM_CONVERSION = YES;
				CLANG_WARN_INFINITE_RECURSION = YES;
				CLANG_WARN_INT_CONVERSION = YES;
				CLANG_WARN_NON_LITERAL_NULL_CONVERSION = YES;
				CLANG_WARN_OBJC_IMPLICIT_RETAIN_SELF = YES;
				CLANG_WARN_OBJC_LITERAL_CONVERSION = YES;
				CLANG_WARN_OBJC_ROOT_CLASS = YES_ERROR;
				CLANG_WARN_RANGE_LOOP_ANALYSIS = YES;
				CLANG_WARN_STRICT_PROTOTYPES = YES;
				CLANG_WARN_SUSPICIOUS_MOVE = YES;
				CLANG_WARN_UNGUARDED_AVAILABILITY = YES_AGGRESSIVE;
				CLANG_WARN_UNREACHABLE_CODE = YES;
				CLANG_WARN__DUPLICATE_METHOD_MATCH = YES;
				COPY_PHASE_STRIP = NO;
				DEBUG_INFORMATION_FORMAT = "dwarf-with-dsym";
				ENABLE_NS_ASSERTIONS = NO;
				ENABLE_STRICT_OBJC_MSGSEND = YES;
				GCC_C_LANGUAGE_STANDARD = gnu11;
				GCC_NO_COMMON_BLOCKS = YES;
				GCC_WARN_64_TO_32_BIT_CONVERSION = YES;
				GCC_WARN_ABOUT_RETURN_TYPE = YES_ERROR;
				GCC_WARN_UNDECLARED_SELECTOR = YES;
				GCC_WARN_UNINITIALIZED_AUTOS = YES_AGGRESSIVE;
				GCC_WARN_UNUSED_FUNCTION = YES;
				GCC_WARN_UNUSED_VARIABLE = YES;
				IPHONEOS_DEPLOYMENT_TARGET = 13.5;
				MTL_ENABLE_DEBUG_INFO = NO;
				MTL_FAST_MATH = YES;
				SDKROOT = iphoneos;
				SWIFT_COMPILATION_MODE = wholemodule;
				SWIFT_OPTIMIZATION_LEVEL = "-O";
				VALIDATE_PRODUCT = YES;
			};
			name = Release;
		};
		1B57665B255D93C1000F7590 /* Debug */ = {
			isa = XCBuildConfiguration;
			buildSettings = {
				ASSETCATALOG_COMPILER_APPICON_NAME = AppIcon;
				CODE_SIGN_STYLE = Automatic;
				DEVELOPMENT_ASSET_PATHS = "\"BioMetricDemo/Preview Content\"";
				DEVELOPMENT_TEAM = JYT73FYV3X;
				ENABLE_PREVIEWS = YES;
				INFOPLIST_FILE = BioMetricDemo/Info.plist;
				LD_RUNPATH_SEARCH_PATHS = (
					"$(inherited)",
					"@executable_path/Frameworks",
				);
				PRODUCT_BUNDLE_IDENTIFIER = com.cellpointmobile.BioMetricDemo;
				PRODUCT_NAME = "$(TARGET_NAME)";
				SWIFT_VERSION = 5.0;
				TARGETED_DEVICE_FAMILY = "1,2";
			};
			name = Debug;
		};
		1B57665C255D93C1000F7590 /* Release */ = {
			isa = XCBuildConfiguration;
			buildSettings = {
				ASSETCATALOG_COMPILER_APPICON_NAME = AppIcon;
				CODE_SIGN_STYLE = Automatic;
				DEVELOPMENT_ASSET_PATHS = "\"BioMetricDemo/Preview Content\"";
				DEVELOPMENT_TEAM = JYT73FYV3X;
				ENABLE_PREVIEWS = YES;
				INFOPLIST_FILE = BioMetricDemo/Info.plist;
				LD_RUNPATH_SEARCH_PATHS = (
					"$(inherited)",
					"@executable_path/Frameworks",
				);
				PRODUCT_BUNDLE_IDENTIFIER = com.cellpointmobile.BioMetricDemo;
				PRODUCT_NAME = "$(TARGET_NAME)";
				SWIFT_VERSION = 5.0;
				TARGETED_DEVICE_FAMILY = "1,2";
			};
			name = Release;
		};
		1B57665E255D93C1000F7590 /* Debug */ = {
			isa = XCBuildConfiguration;
			buildSettings = {
				ALWAYS_EMBED_SWIFT_STANDARD_LIBRARIES = YES;
				BUNDLE_LOADER = "$(TEST_HOST)";
				CODE_SIGN_STYLE = Automatic;
				DEVELOPMENT_TEAM = JYT73FYV3X;
				INFOPLIST_FILE = BioMetricDemoTests/Info.plist;
				IPHONEOS_DEPLOYMENT_TARGET = 13.5;
				LD_RUNPATH_SEARCH_PATHS = (
					"$(inherited)",
					"@executable_path/Frameworks",
					"@loader_path/Frameworks",
				);
				PRODUCT_BUNDLE_IDENTIFIER = com.cellpointmobile.BioMetricDemoTests;
				PRODUCT_NAME = "$(TARGET_NAME)";
				SWIFT_VERSION = 5.0;
				TARGETED_DEVICE_FAMILY = "1,2";
				TEST_HOST = "$(BUILT_PRODUCTS_DIR)/BiometricDemo.app/BiometricDemo";
			};
			name = Debug;
		};
		1B57665F255D93C1000F7590 /* Release */ = {
			isa = XCBuildConfiguration;
			buildSettings = {
				ALWAYS_EMBED_SWIFT_STANDARD_LIBRARIES = YES;
				BUNDLE_LOADER = "$(TEST_HOST)";
				CODE_SIGN_STYLE = Automatic;
				DEVELOPMENT_TEAM = JYT73FYV3X;
				INFOPLIST_FILE = BioMetricDemoTests/Info.plist;
				IPHONEOS_DEPLOYMENT_TARGET = 13.5;
				LD_RUNPATH_SEARCH_PATHS = (
					"$(inherited)",
					"@executable_path/Frameworks",
					"@loader_path/Frameworks",
				);
				PRODUCT_BUNDLE_IDENTIFIER = com.cellpointmobile.BioMetricDemoTests;
				PRODUCT_NAME = "$(TARGET_NAME)";
				SWIFT_VERSION = 5.0;
				TARGETED_DEVICE_FAMILY = "1,2";
				TEST_HOST = "$(BUILT_PRODUCTS_DIR)/BiometricDemo.app/BiometricDemo";
			};
			name = Release;
		};
/* End XCBuildConfiguration section */

/* Begin XCConfigurationList section */
		1B576636255D93BF000F7590 /* Build configuration list for PBXProject "BiometricDemo" */ = {
			isa = XCConfigurationList;
			buildConfigurations = (
				1B576658255D93C1000F7590 /* Debug */,
				1B576659255D93C1000F7590 /* Release */,
			);
			defaultConfigurationIsVisible = 0;
			defaultConfigurationName = Release;
		};
		1B57665A255D93C1000F7590 /* Build configuration list for PBXNativeTarget "BiometricDemo" */ = {
			isa = XCConfigurationList;
			buildConfigurations = (
				1B57665B255D93C1000F7590 /* Debug */,
				1B57665C255D93C1000F7590 /* Release */,
			);
			defaultConfigurationIsVisible = 0;
			defaultConfigurationName = Release;
		};
		1B57665D255D93C1000F7590 /* Build configuration list for PBXNativeTarget "BiometricDemoTests" */ = {
			isa = XCConfigurationList;
			buildConfigurations = (
				1B57665E255D93C1000F7590 /* Debug */,
				1B57665F255D93C1000F7590 /* Release */,
			);
			defaultConfigurationIsVisible = 0;
			defaultConfigurationName = Release;
		};
/* End XCConfigurationList section */
	};
	rootObject = 1B576633255D93BF000F7590 /* Project object */;
}
